// !$*UTF8*$!
{
	archiveVersion = 1;
	classes = {
	};
	objectVersion = 46;
	objects = {

/* Begin PBXBuildFile section */
		41B364CF1FA8893D007F77D8 /* LanguageTableViewCell.m in Sources */ = {isa = PBXBuildFile; fileRef = 41B364CE1FA8893D007F77D8 /* LanguageTableViewCell.m */; };
		6D73EB551A49911100C77651 /* main.m in Sources */ = {isa = PBXBuildFile; fileRef = 6D73EB541A49911100C77651 /* main.m */; };
		6D73EB581A49911100C77651 /* AppDelegate.m in Sources */ = {isa = PBXBuildFile; fileRef = 6D73EB571A49911100C77651 /* AppDelegate.m */; };
		6D73EB5B1A49911100C77651 /* ViewController.m in Sources */ = {isa = PBXBuildFile; fileRef = 6D73EB5A1A49911100C77651 /* ViewController.m */; };
		6D73EB5E1A49911100C77651 /* Main.storyboard in Resources */ = {isa = PBXBuildFile; fileRef = 6D73EB5C1A49911100C77651 /* Main.storyboard */; };
		6D73EB601A49911100C77651 /* Images.xcassets in Resources */ = {isa = PBXBuildFile; fileRef = 6D73EB5F1A49911100C77651 /* Images.xcassets */; };
		6D73EB631A49911100C77651 /* LaunchScreen.xib in Resources */ = {isa = PBXBuildFile; fileRef = 6D73EB611A49911100C77651 /* LaunchScreen.xib */; };
		6D867C101A61488500E5512A /* LanguageManager.m in Sources */ = {isa = PBXBuildFile; fileRef = 6D867C0F1A61488500E5512A /* LanguageManager.m */; };
		6D867C131A6148CD00E5512A /* NSBundle+Language.m in Sources */ = {isa = PBXBuildFile; fileRef = 6D867C121A6148CD00E5512A /* NSBundle+Language.m */; };
		6D867C201A615D0B00E5512A /* Localizable.strings in Resources */ = {isa = PBXBuildFile; fileRef = 6D867C221A615D0B00E5512A /* Localizable.strings */; };
/* End PBXBuildFile section */

/* Begin PBXFileReference section */
		41B364CD1FA8893D007F77D8 /* LanguageTableViewCell.h */ = {isa = PBXFileReference; lastKnownFileType = sourcecode.c.h; path = LanguageTableViewCell.h; sourceTree = "<group>"; };
		41B364CE1FA8893D007F77D8 /* LanguageTableViewCell.m */ = {isa = PBXFileReference; lastKnownFileType = sourcecode.c.objc; path = LanguageTableViewCell.m; sourceTree = "<group>"; };
		6D14303F1A62FC51008D6DE9 /* ios_language_manager.pch */ = {isa = PBXFileReference; lastKnownFileType = sourcecode.c.h; path = ios_language_manager.pch; sourceTree = "<group>"; };
		6D499E941A98CAA1006D0410 /* ar */ = {isa = PBXFileReference; lastKnownFileType = text.plist.strings; name = ar; path = ar.lproj/Main.strings; sourceTree = "<group>"; };
		6D499E951A98CAA1006D0410 /* ar */ = {isa = PBXFileReference; lastKnownFileType = text.plist.strings; name = ar; path = ar.lproj/LaunchScreen.strings; sourceTree = "<group>"; };
		6D499E961A98CAA1006D0410 /* ar */ = {isa = PBXFileReference; lastKnownFileType = text.plist.strings; name = ar; path = ar.lproj/Localizable.strings; sourceTree = "<group>"; };
		6D73EB4F1A49911100C77651 /* ios_language_manager.app */ = {isa = PBXFileReference; explicitFileType = wrapper.application; includeInIndex = 0; path = ios_language_manager.app; sourceTree = BUILT_PRODUCTS_DIR; };
		6D73EB531A49911100C77651 /* Info.plist */ = {isa = PBXFileReference; lastKnownFileType = text.plist.xml; path = Info.plist; sourceTree = "<group>"; };
		6D73EB541A49911100C77651 /* main.m */ = {isa = PBXFileReference; lastKnownFileType = sourcecode.c.objc; path = main.m; sourceTree = "<group>"; };
		6D73EB561A49911100C77651 /* AppDelegate.h */ = {isa = PBXFileReference; lastKnownFileType = sourcecode.c.h; path = AppDelegate.h; sourceTree = "<group>"; };
		6D73EB571A49911100C77651 /* AppDelegate.m */ = {isa = PBXFileReference; lastKnownFileType = sourcecode.c.objc; path = AppDelegate.m; sourceTree = "<group>"; };
		6D73EB591A49911100C77651 /* ViewController.h */ = {isa = PBXFileReference; lastKnownFileType = sourcecode.c.h; path = ViewController.h; sourceTree = "<group>"; };
		6D73EB5A1A49911100C77651 /* ViewController.m */ = {isa = PBXFileReference; lastKnownFileType = sourcecode.c.objc; path = ViewController.m; sourceTree = "<group>"; };
		6D73EB5D1A49911100C77651 /* Base */ = {isa = PBXFileReference; lastKnownFileType = file.storyboard; name = Base; path = Base.lproj/Main.storyboard; sourceTree = "<group>"; };
		6D73EB5F1A49911100C77651 /* Images.xcassets */ = {isa = PBXFileReference; lastKnownFileType = folder.assetcatalog; path = Images.xcassets; sourceTree = "<group>"; };
		6D73EB621A49911100C77651 /* Base */ = {isa = PBXFileReference; lastKnownFileType = file.xib; name = Base; path = Base.lproj/LaunchScreen.xib; sourceTree = "<group>"; };
		6D867C0E1A61488500E5512A /* LanguageManager.h */ = {isa = PBXFileReference; fileEncoding = 4; lastKnownFileType = sourcecode.c.h; path = LanguageManager.h; sourceTree = "<group>"; };
		6D867C0F1A61488500E5512A /* LanguageManager.m */ = {isa = PBXFileReference; fileEncoding = 4; lastKnownFileType = sourcecode.c.objc; path = LanguageManager.m; sourceTree = "<group>"; };
		6D867C111A6148CD00E5512A /* NSBundle+Language.h */ = {isa = PBXFileReference; fileEncoding = 4; lastKnownFileType = sourcecode.c.h; path = "NSBundle+Language.h"; sourceTree = "<group>"; };
		6D867C121A6148CD00E5512A /* NSBundle+Language.m */ = {isa = PBXFileReference; fileEncoding = 4; lastKnownFileType = sourcecode.c.objc; path = "NSBundle+Language.m"; sourceTree = "<group>"; };
		6D867C141A614B4000E5512A /* Defines.h */ = {isa = PBXFileReference; lastKnownFileType = sourcecode.c.h; path = Defines.h; sourceTree = "<group>"; };
		6D867C161A614EEB00E5512A /* fr */ = {isa = PBXFileReference; lastKnownFileType = text.plist.strings; name = fr; path = fr.lproj/Main.strings; sourceTree = "<group>"; };
		6D867C171A614EEB00E5512A /* fr */ = {isa = PBXFileReference; lastKnownFileType = text.plist.strings; name = fr; path = fr.lproj/LaunchScreen.strings; sourceTree = "<group>"; };
		6D867C181A614EEF00E5512A /* de */ = {isa = PBXFileReference; lastKnownFileType = text.plist.strings; name = de; path = de.lproj/Main.strings; sourceTree = "<group>"; };
		6D867C191A614EEF00E5512A /* de */ = {isa = PBXFileReference; lastKnownFileType = text.plist.strings; name = de; path = de.lproj/LaunchScreen.strings; sourceTree = "<group>"; };
		6D867C1B1A614EFA00E5512A /* en */ = {isa = PBXFileReference; lastKnownFileType = text.plist.strings; name = en; path = en.lproj/Main.strings; sourceTree = "<group>"; };
		6D867C1D1A614F0100E5512A /* en */ = {isa = PBXFileReference; lastKnownFileType = text.plist.strings; name = en; path = en.lproj/LaunchScreen.strings; sourceTree = "<group>"; };
		6D867C211A615D0B00E5512A /* Base */ = {isa = PBXFileReference; lastKnownFileType = text.plist.strings; name = Base; path = Base.lproj/Localizable.strings; sourceTree = "<group>"; };
		6D867C231A615D0C00E5512A /* en */ = {isa = PBXFileReference; lastKnownFileType = text.plist.strings; name = en; path = en.lproj/Localizable.strings; sourceTree = "<group>"; };
		6D867C241A615D0D00E5512A /* fr */ = {isa = PBXFileReference; lastKnownFileType = text.plist.strings; name = fr; path = fr.lproj/Localizable.strings; sourceTree = "<group>"; };
		6D867C251A615D0E00E5512A /* de */ = {isa = PBXFileReference; lastKnownFileType = text.plist.strings; name = de; path = de.lproj/Localizable.strings; sourceTree = "<group>"; };
/* End PBXFileReference section */

/* Begin PBXFrameworksBuildPhase section */
		6D73EB4C1A49911100C77651 /* Frameworks */ = {
			isa = PBXFrameworksBuildPhase;
			buildActionMask = 2147483647;
			files = (
			);
			runOnlyForDeploymentPostprocessing = 0;
		};
/* End PBXFrameworksBuildPhase section */

/* Begin PBXGroup section */
		6D73EB461A49911100C77651 = {
			isa = PBXGroup;
			children = (
				6D73EB511A49911100C77651 /* ios_language_manager */,
				6D73EB501A49911100C77651 /* Products */,
			);
			sourceTree = "<group>";
		};
		6D73EB501A49911100C77651 /* Products */ = {
			isa = PBXGroup;
			children = (
				6D73EB4F1A49911100C77651 /* ios_language_manager.app */,
			);
			name = Products;
			sourceTree = "<group>";
		};
		6D73EB511A49911100C77651 /* ios_language_manager */ = {
			isa = PBXGroup;
			children = (
				6D867C0D1A61488500E5512A /* Sources */,
				6D73EB561A49911100C77651 /* AppDelegate.h */,
				6D73EB571A49911100C77651 /* AppDelegate.m */,
				6D73EB591A49911100C77651 /* ViewController.h */,
				6D73EB5A1A49911100C77651 /* ViewController.m */,
				6D867C261A61659900E5512A /* Resources */,
				6D73EB521A49911100C77651 /* Supporting Files */,
				41B364CD1FA8893D007F77D8 /* LanguageTableViewCell.h */,
				41B364CE1FA8893D007F77D8 /* LanguageTableViewCell.m */,
			);
			path = ios_language_manager;
			sourceTree = "<group>";
		};
		6D73EB521A49911100C77651 /* Supporting Files */ = {
			isa = PBXGroup;
			children = (
				6D14303F1A62FC51008D6DE9 /* ios_language_manager.pch */,
				6D73EB531A49911100C77651 /* Info.plist */,
				6D73EB541A49911100C77651 /* main.m */,
			);
			name = "Supporting Files";
			sourceTree = "<group>";
		};
		6D867C0D1A61488500E5512A /* Sources */ = {
			isa = PBXGroup;
			children = (
				6D867C141A614B4000E5512A /* Defines.h */,
				6D867C0E1A61488500E5512A /* LanguageManager.h */,
				6D867C0F1A61488500E5512A /* LanguageManager.m */,
				6D867C111A6148CD00E5512A /* NSBundle+Language.h */,
				6D867C121A6148CD00E5512A /* NSBundle+Language.m */,
			);
			path = Sources;
			sourceTree = "<group>";
		};
		6D867C261A61659900E5512A /* Resources */ = {
			isa = PBXGroup;
			children = (
				6D867C221A615D0B00E5512A /* Localizable.strings */,
				6D73EB5C1A49911100C77651 /* Main.storyboard */,
				6D73EB5F1A49911100C77651 /* Images.xcassets */,
				6D73EB611A49911100C77651 /* LaunchScreen.xib */,
			);
			name = Resources;
			sourceTree = "<group>";
		};
/* End PBXGroup section */

/* Begin PBXNativeTarget section */
		6D73EB4E1A49911100C77651 /* ios_language_manager */ = {
			isa = PBXNativeTarget;
			buildConfigurationList = 6D73EB721A49911100C77651 /* Build configuration list for PBXNativeTarget "ios_language_manager" */;
			buildPhases = (
				6D73EB4B1A49911100C77651 /* Sources */,
				6D73EB4C1A49911100C77651 /* Frameworks */,
				6D73EB4D1A49911100C77651 /* Resources */,
			);
			buildRules = (
			);
			dependencies = (
			);
			name = ios_language_manager;
			productName = ios_language_manager;
			productReference = 6D73EB4F1A49911100C77651 /* ios_language_manager.app */;
			productType = "com.apple.product-type.application";
		};
/* End PBXNativeTarget section */

/* Begin PBXProject section */
		6D73EB471A49911100C77651 /* Project object */ = {
			isa = PBXProject;
			attributes = {
				LastUpgradeCheck = 1000;
				ORGANIZATIONNAME = "Maxim Bilan";
				TargetAttributes = {
					6D73EB4E1A49911100C77651 = {
						CreatedOnToolsVersion = 6.1.1;
					};
				};
			};
			buildConfigurationList = 6D73EB4A1A49911100C77651 /* Build configuration list for PBXProject "ios_language_manager" */;
			compatibilityVersion = "Xcode 3.2";
			developmentRegion = English;
			hasScannedForEncodings = 0;
			knownRegions = (
				en,
				Base,
				fr,
				de,
				ar,
			);
			mainGroup = 6D73EB461A49911100C77651;
			productRefGroup = 6D73EB501A49911100C77651 /* Products */;
			projectDirPath = "";
			projectRoot = "";
			targets = (
				6D73EB4E1A49911100C77651 /* ios_language_manager */,
			);
		};
/* End PBXProject section */

/* Begin PBXResourcesBuildPhase section */
		6D73EB4D1A49911100C77651 /* Resources */ = {
			isa = PBXResourcesBuildPhase;
			buildActionMask = 2147483647;
			files = (
				6D73EB5E1A49911100C77651 /* Main.storyboard in Resources */,
				6D867C201A615D0B00E5512A /* Localizable.strings in Resources */,
				6D73EB631A49911100C77651 /* LaunchScreen.xib in Resources */,
				6D73EB601A49911100C77651 /* Images.xcassets in Resources */,
			);
			runOnlyForDeploymentPostprocessing = 0;
		};
/* End PBXResourcesBuildPhase section */

/* Begin PBXSourcesBuildPhase section */
		6D73EB4B1A49911100C77651 /* Sources */ = {
			isa = PBXSourcesBuildPhase;
			buildActionMask = 2147483647;
			files = (
				6D73EB5B1A49911100C77651 /* ViewController.m in Sources */,
				41B364CF1FA8893D007F77D8 /* LanguageTableViewCell.m in Sources */,
				6D867C131A6148CD00E5512A /* NSBundle+Language.m in Sources */,
				6D73EB581A49911100C77651 /* AppDelegate.m in Sources */,
				6D73EB551A49911100C77651 /* main.m in Sources */,
				6D867C101A61488500E5512A /* LanguageManager.m in Sources */,
			);
			runOnlyForDeploymentPostprocessing = 0;
		};
/* End PBXSourcesBuildPhase section */

/* Begin PBXVariantGroup section */
		6D73EB5C1A49911100C77651 /* Main.storyboard */ = {
			isa = PBXVariantGroup;
			children = (
				6D73EB5D1A49911100C77651 /* Base */,
				6D867C161A614EEB00E5512A /* fr */,
				6D867C181A614EEF00E5512A /* de */,
				6D867C1B1A614EFA00E5512A /* en */,
				6D499E941A98CAA1006D0410 /* ar */,
			);
			name = Main.storyboard;
			sourceTree = "<group>";
		};
		6D73EB611A49911100C77651 /* LaunchScreen.xib */ = {
			isa = PBXVariantGroup;
			children = (
				6D73EB621A49911100C77651 /* Base */,
				6D867C171A614EEB00E5512A /* fr */,
				6D867C191A614EEF00E5512A /* de */,
				6D867C1D1A614F0100E5512A /* en */,
				6D499E951A98CAA1006D0410 /* ar */,
			);
			name = LaunchScreen.xib;
			sourceTree = "<group>";
		};
		6D867C221A615D0B00E5512A /* Localizable.strings */ = {
			isa = PBXVariantGroup;
			children = (
				6D867C211A615D0B00E5512A /* Base */,
				6D867C231A615D0C00E5512A /* en */,
				6D867C241A615D0D00E5512A /* fr */,
				6D867C251A615D0E00E5512A /* de */,
				6D499E961A98CAA1006D0410 /* ar */,
			);
			name = Localizable.strings;
			sourceTree = "<group>";
		};
/* End PBXVariantGroup section */

/* Begin XCBuildConfiguration section */
		6D73EB701A49911100C77651 /* Debug */ = {
			isa = XCBuildConfiguration;
			buildSettings = {
				ALWAYS_SEARCH_USER_PATHS = NO;
				CLANG_ANALYZER_LOCALIZABILITY_NONLOCALIZED = YES;
				CLANG_CXX_LANGUAGE_STANDARD = "gnu++0x";
				CLANG_CXX_LIBRARY = "libc++";
				CLANG_ENABLE_MODULES = YES;
				CLANG_ENABLE_OBJC_ARC = YES;
				CLANG_WARN_BLOCK_CAPTURE_AUTORELEASING = YES;
				CLANG_WARN_BOOL_CONVERSION = YES;
				CLANG_WARN_COMMA = YES;
				CLANG_WARN_CONSTANT_CONVERSION = YES;
				CLANG_WARN_DEPRECATED_OBJC_IMPLEMENTATIONS = YES;
				CLANG_WARN_DIRECT_OBJC_ISA_USAGE = YES_ERROR;
				CLANG_WARN_EMPTY_BODY = YES;
				CLANG_WARN_ENUM_CONVERSION = YES;
				CLANG_WARN_INFINITE_RECURSION = YES;
				CLANG_WARN_INT_CONVERSION = YES;
				CLANG_WARN_NON_LITERAL_NULL_CONVERSION = YES;
				CLANG_WARN_OBJC_IMPLICIT_RETAIN_SELF = YES;
				CLANG_WARN_OBJC_LITERAL_CONVERSION = YES;
				CLANG_WARN_OBJC_ROOT_CLASS = YES_ERROR;
				CLANG_WARN_RANGE_LOOP_ANALYSIS = YES;
				CLANG_WARN_STRICT_PROTOTYPES = YES;
				CLANG_WARN_SUSPICIOUS_MOVE = YES;
				CLANG_WARN_UNREACHABLE_CODE = YES;
				CLANG_WARN__DUPLICATE_METHOD_MATCH = YES;
				"CODE_SIGN_IDENTITY[sdk=iphoneos*]" = "iPhone Developer";
				COPY_PHASE_STRIP = NO;
				ENABLE_STRICT_OBJC_MSGSEND = YES;
				ENABLE_TESTABILITY = YES;
				GCC_C_LANGUAGE_STANDARD = gnu99;
				GCC_DYNAMIC_NO_PIC = NO;
				GCC_NO_COMMON_BLOCKS = YES;
				GCC_OPTIMIZATION_LEVEL = 0;
				GCC_PREPROCESSOR_DEFINITIONS = (
					"DEBUG=1",
					"$(inherited)",
				);
				GCC_SYMBOLS_PRIVATE_EXTERN = NO;
				GCC_WARN_64_TO_32_BIT_CONVERSION = YES;
				GCC_WARN_ABOUT_RETURN_TYPE = YES_ERROR;
				GCC_WARN_UNDECLARED_SELECTOR = YES;
				GCC_WARN_UNINITIALIZED_AUTOS = YES_AGGRESSIVE;
				GCC_WARN_UNUSED_FUNCTION = YES;
				GCC_WARN_UNUSED_VARIABLE = YES;
				IPHONEOS_DEPLOYMENT_TARGET = 8.1;
				MTL_ENABLE_DEBUG_INFO = YES;
				ONLY_ACTIVE_ARCH = YES;
				SDKROOT = iphoneos;
				TARGETED_DEVICE_FAMILY = "1,2";
			};
			name = Debug;
		};
		6D73EB711A49911100C77651 /* Release */ = {
			isa = XCBuildConfiguration;
			buildSettings = {
				ALWAYS_SEARCH_USER_PATHS = NO;
				CLANG_ANALYZER_LOCALIZABILITY_NONLOCALIZED = YES;
				CLANG_CXX_LANGUAGE_STANDARD = "gnu++0x";
				CLANG_CXX_LIBRARY = "libc++";
				CLANG_ENABLE_MODULES = YES;
				CLANG_ENABLE_OBJC_ARC = YES;
				CLANG_WARN_BLOCK_CAPTURE_AUTORELEASING = YES;
				CLANG_WARN_BOOL_CONVERSION = YES;
				CLANG_WARN_COMMA = YES;
				CLANG_WARN_CONSTANT_CONVERSION = YES;
				CLANG_WARN_DEPRECATED_OBJC_IMPLEMENTATIONS = YES;
				CLANG_WARN_DIRECT_OBJC_ISA_USAGE = YES_ERROR;
				CLANG_WARN_EMPTY_BODY = YES;
				CLANG_WARN_ENUM_CONVERSION = YES;
				CLANG_WARN_INFINITE_RECURSION = YES;
				CLANG_WARN_INT_CONVERSION = YES;
				CLANG_WARN_NON_LITERAL_NULL_CONVERSION = YES;
				CLANG_WARN_OBJC_IMPLICIT_RETAIN_SELF = YES;
				CLANG_WARN_OBJC_LITERAL_CONVERSION = YES;
				CLANG_WARN_OBJC_ROOT_CLASS = YES_ERROR;
				CLANG_WARN_RANGE_LOOP_ANALYSIS = YES;
				CLANG_WARN_STRICT_PROTOTYPES = YES;
				CLANG_WARN_SUSPICIOUS_MOVE = YES;
				CLANG_WARN_UNREACHABLE_CODE = YES;
				CLANG_WARN__DUPLICATE_METHOD_MATCH = YES;
				"CODE_SIGN_IDENTITY[sdk=iphoneos*]" = "iPhone Developer";
				COPY_PHASE_STRIP = YES;
				ENABLE_NS_ASSERTIONS = NO;
				ENABLE_STRICT_OBJC_MSGSEND = YES;
				GCC_C_LANGUAGE_STANDARD = gnu99;
				GCC_NO_COMMON_BLOCKS = YES;
				GCC_WARN_64_TO_32_BIT_CONVERSION = YES;
				GCC_WARN_ABOUT_RETURN_TYPE = YES_ERROR;
				GCC_WARN_UNDECLARED_SELECTOR = YES;
				GCC_WARN_UNINITIALIZED_AUTOS = YES_AGGRESSIVE;
				GCC_WARN_UNUSED_FUNCTION = YES;
				GCC_WARN_UNUSED_VARIABLE = YES;
				IPHONEOS_DEPLOYMENT_TARGET = 8.1;
				MTL_ENABLE_DEBUG_INFO = NO;
				SDKROOT = iphoneos;
				TARGETED_DEVICE_FAMILY = "1,2";
				VALIDATE_PRODUCT = YES;
			};
			name = Release;
		};
		6D73EB731A49911100C77651 /* Debug */ = {
			isa = XCBuildConfiguration;
			buildSettings = {
				ASSETCATALOG_COMPILER_APPICON_NAME = AppIcon;
				GCC_PRECOMPILE_PREFIX_HEADER = YES;
				GCC_PREFIX_HEADER = ios_language_manager/ios_language_manager.pch;
				INFOPLIST_FILE = ios_language_manager/Info.plist;
				LD_RUNPATH_SEARCH_PATHS = "$(inherited) @executable_path/Frameworks";
				PRODUCT_BUNDLE_IDENTIFIER = "maximbilan.$(PRODUCT_NAME:rfc1034identifier)";
				PRODUCT_NAME = "$(TARGET_NAME)";
			};
			name = Debug;
		};
		6D73EB741A49911100C77651 /* Release */ = {
			isa = XCBuildConfiguration;
			buildSettings = {
				ASSETCATALOG_COMPILER_APPICON_NAME = AppIcon;
				GCC_PRECOMPILE_PREFIX_HEADER = YES;
				GCC_PREFIX_HEADER = ios_language_manager/ios_language_manager.pch;
				INFOPLIST_FILE = ios_language_manager/Info.plist;
				LD_RUNPATH_SEARCH_PATHS = "$(inherited) @executable_path/Frameworks";
				PRODUCT_BUNDLE_IDENTIFIER = "maximbilan.$(PRODUCT_NAME:rfc1034identifier)";
				PRODUCT_NAME = "$(TARGET_NAME)";
			};
			name = Release;
		};
/* End XCBuildConfiguration section */

/* Begin XCConfigurationList section */
		6D73EB4A1A49911100C77651 /* Build configuration list for PBXProject "ios_language_manager" */ = {
			isa = XCConfigurationList;
			buildConfigurations = (
				6D73EB701A49911100C77651 /* Debug */,
				6D73EB711A49911100C77651 /* Release */,
			);
			defaultConfigurationIsVisible = 0;
			defaultConfigurationName = Release;
		};
		6D73EB721A49911100C77651 /* Build configuration list for PBXNativeTarget "ios_language_manager" */ = {
			isa = XCConfigurationList;
			buildConfigurations = (
				6D73EB731A49911100C77651 /* Debug */,
				6D73EB741A49911100C77651 /* Release */,
			);
			defaultConfigurationIsVisible = 0;
			defaultConfigurationName = Release;
		};
/* End XCConfigurationList section */
	};
	rootObject = 6D73EB471A49911100C77651 /* Project object */;
}
